// !$*UTF8*$!
{
	archiveVersion = 1;
	classes = {
	};
	objectVersion = 50;
	objects = {

/* Begin PBXBuildFile section */
		9C4BE9C7208F043100CD7245 /* UdacityConstants.swift in Sources */ = {isa = PBXBuildFile; fileRef = 9C4BE9C6208F043100CD7245 /* UdacityConstants.swift */; };
		9C4BE9C9208F058100CD7245 /* UdacityClient.swift in Sources */ = {isa = PBXBuildFile; fileRef = 9C4BE9C8208F058100CD7245 /* UdacityClient.swift */; };
		9C4BE9CD208F1BB600CD7245 /* UdacityConvenience.swift in Sources */ = {isa = PBXBuildFile; fileRef = 9C4BE9CC208F1BB600CD7245 /* UdacityConvenience.swift */; };
		9C904ED1208DC1F4003D1C71 /* AppDelegate.swift in Sources */ = {isa = PBXBuildFile; fileRef = 9C904ED0208DC1F4003D1C71 /* AppDelegate.swift */; };
		9C904ED3208DC1F4003D1C71 /* LoginViewController.swift in Sources */ = {isa = PBXBuildFile; fileRef = 9C904ED2208DC1F4003D1C71 /* LoginViewController.swift */; };
		9C904ED6208DC1F4003D1C71 /* Main.storyboard in Resources */ = {isa = PBXBuildFile; fileRef = 9C904ED4208DC1F4003D1C71 /* Main.storyboard */; };
		9C904ED8208DC1F6003D1C71 /* Assets.xcassets in Resources */ = {isa = PBXBuildFile; fileRef = 9C904ED7208DC1F6003D1C71 /* Assets.xcassets */; };
		9C904EDB208DC1F6003D1C71 /* LaunchScreen.storyboard in Resources */ = {isa = PBXBuildFile; fileRef = 9C904ED9208DC1F6003D1C71 /* LaunchScreen.storyboard */; };
		9CA3504720AAE4FC00C29099 /* FinishAddLocationViewController.swift in Sources */ = {isa = PBXBuildFile; fileRef = 9CA3504620AAE4FC00C29099 /* FinishAddLocationViewController.swift */; };
		9CB8C54220905B8700742BC1 /* StudentLocationMapViewController.swift in Sources */ = {isa = PBXBuildFile; fileRef = 9CB8C54120905B8700742BC1 /* StudentLocationMapViewController.swift */; };
		9CB8C54420905B9500742BC1 /* StudentLocationTableViewController.swift in Sources */ = {isa = PBXBuildFile; fileRef = 9CB8C54320905B9500742BC1 /* StudentLocationTableViewController.swift */; };
		9CB8C546209079AC00742BC1 /* StudentInformation.swift in Sources */ = {isa = PBXBuildFile; fileRef = 9CB8C545209079AC00742BC1 /* StudentInformation.swift */; };
		9CB8C5482091B1C300742BC1 /* StudentLocationTableViewCell.swift in Sources */ = {isa = PBXBuildFile; fileRef = 9CB8C5472091B1C300742BC1 /* StudentLocationTableViewCell.swift */; };
		9CD89A51211A91330007D4FC /* Students.swift in Sources */ = {isa = PBXBuildFile; fileRef = 9CD89A50211A91330007D4FC /* Students.swift */; };
		9CD89A5E211BFC6C0007D4FC /* TabBarViewController.swift in Sources */ = {isa = PBXBuildFile; fileRef = 9CD89A5D211BFC6C0007D4FC /* TabBarViewController.swift */; };
		9CEFB37520A962A80033ED32 /* AddLocationViewController.swift in Sources */ = {isa = PBXBuildFile; fileRef = 9CEFB37420A962A80033ED32 /* AddLocationViewController.swift */; };
/* End PBXBuildFile section */

/* Begin PBXFileReference section */
		9C4BE9C6208F043100CD7245 /* UdacityConstants.swift */ = {isa = PBXFileReference; lastKnownFileType = sourcecode.swift; path = UdacityConstants.swift; sourceTree = "<group>"; };
		9C4BE9C8208F058100CD7245 /* UdacityClient.swift */ = {isa = PBXFileReference; lastKnownFileType = sourcecode.swift; path = UdacityClient.swift; sourceTree = "<group>"; };
		9C4BE9CC208F1BB600CD7245 /* UdacityConvenience.swift */ = {isa = PBXFileReference; lastKnownFileType = sourcecode.swift; path = UdacityConvenience.swift; sourceTree = "<group>"; };
		9C904ECD208DC1F4003D1C71 /* On the Map.app */ = {isa = PBXFileReference; explicitFileType = wrapper.application; includeInIndex = 0; path = "On the Map.app"; sourceTree = BUILT_PRODUCTS_DIR; };
		9C904ED0208DC1F4003D1C71 /* AppDelegate.swift */ = {isa = PBXFileReference; lastKnownFileType = sourcecode.swift; path = AppDelegate.swift; sourceTree = "<group>"; };
		9C904ED2208DC1F4003D1C71 /* LoginViewController.swift */ = {isa = PBXFileReference; lastKnownFileType = sourcecode.swift; path = LoginViewController.swift; sourceTree = "<group>"; };
		9C904ED5208DC1F4003D1C71 /* Base */ = {isa = PBXFileReference; lastKnownFileType = file.storyboard; name = Base; path = Base.lproj/Main.storyboard; sourceTree = "<group>"; };
		9C904ED7208DC1F6003D1C71 /* Assets.xcassets */ = {isa = PBXFileReference; lastKnownFileType = folder.assetcatalog; path = Assets.xcassets; sourceTree = "<group>"; };
		9C904EDA208DC1F6003D1C71 /* Base */ = {isa = PBXFileReference; lastKnownFileType = file.storyboard; name = Base; path = Base.lproj/LaunchScreen.storyboard; sourceTree = "<group>"; };
		9C904EDC208DC1F6003D1C71 /* Info.plist */ = {isa = PBXFileReference; lastKnownFileType = text.plist.xml; path = Info.plist; sourceTree = "<group>"; };
		9CA3504620AAE4FC00C29099 /* FinishAddLocationViewController.swift */ = {isa = PBXFileReference; lastKnownFileType = sourcecode.swift; path = FinishAddLocationViewController.swift; sourceTree = "<group>"; };
		9CB8C54120905B8700742BC1 /* StudentLocationMapViewController.swift */ = {isa = PBXFileReference; lastKnownFileType = sourcecode.swift; path = StudentLocationMapViewController.swift; sourceTree = "<group>"; };
		9CB8C54320905B9500742BC1 /* StudentLocationTableViewController.swift */ = {isa = PBXFileReference; lastKnownFileType = sourcecode.swift; path = StudentLocationTableViewController.swift; sourceTree = "<group>"; };
		9CB8C545209079AC00742BC1 /* StudentInformation.swift */ = {isa = PBXFileReference; lastKnownFileType = sourcecode.swift; path = StudentInformation.swift; sourceTree = "<group>"; };
		9CB8C5472091B1C300742BC1 /* StudentLocationTableViewCell.swift */ = {isa = PBXFileReference; lastKnownFileType = sourcecode.swift; path = StudentLocationTableViewCell.swift; sourceTree = "<group>"; };
		9CD89A50211A91330007D4FC /* Students.swift */ = {isa = PBXFileReference; lastKnownFileType = sourcecode.swift; path = Students.swift; sourceTree = "<group>"; };
		9CD89A5D211BFC6C0007D4FC /* TabBarViewController.swift */ = {isa = PBXFileReference; lastKnownFileType = sourcecode.swift; path = TabBarViewController.swift; sourceTree = "<group>"; };
		9CEFB37420A962A80033ED32 /* AddLocationViewController.swift */ = {isa = PBXFileReference; lastKnownFileType = sourcecode.swift; path = AddLocationViewController.swift; sourceTree = "<group>"; };
/* End PBXFileReference section */

/* Begin PBXFrameworksBuildPhase section */
		9C904ECA208DC1F4003D1C71 /* Frameworks */ = {
			isa = PBXFrameworksBuildPhase;
			buildActionMask = 2147483647;
			files = (
			);
			runOnlyForDeploymentPostprocessing = 0;
		};
/* End PBXFrameworksBuildPhase section */

/* Begin PBXGroup section */
		9C4BE9C3208F038700CD7245 /* Model */ = {
			isa = PBXGroup;
			children = (
				9C4BE9C4208F03B100CD7245 /* Clients */,
			);
			path = Model;
			sourceTree = "<group>";
		};
		9C4BE9C4208F03B100CD7245 /* Clients */ = {
			isa = PBXGroup;
			children = (
				9C4BE9C5208F03F000CD7245 /* Udacity */,
			);
			path = Clients;
			sourceTree = "<group>";
		};
		9C4BE9C5208F03F000CD7245 /* Udacity */ = {
			isa = PBXGroup;
			children = (
				9C4BE9C8208F058100CD7245 /* UdacityClient.swift */,
				9C4BE9C6208F043100CD7245 /* UdacityConstants.swift */,
				9C4BE9CC208F1BB600CD7245 /* UdacityConvenience.swift */,
				9CB8C545209079AC00742BC1 /* StudentInformation.swift */,
				9CD89A50211A91330007D4FC /* Students.swift */,
			);
			path = Udacity;
			sourceTree = "<group>";
		};
		9C4BE9CE208F2F2D00CD7245 /* Controller */ = {
			isa = PBXGroup;
			children = (
				9C904ED2208DC1F4003D1C71 /* LoginViewController.swift */,
				9CB8C54120905B8700742BC1 /* StudentLocationMapViewController.swift */,
				9CB8C54320905B9500742BC1 /* StudentLocationTableViewController.swift */,
				9CB8C5472091B1C300742BC1 /* StudentLocationTableViewCell.swift */,
				9CEFB37420A962A80033ED32 /* AddLocationViewController.swift */,
				9CA3504620AAE4FC00C29099 /* FinishAddLocationViewController.swift */,
				9CD89A5D211BFC6C0007D4FC /* TabBarViewController.swift */,
			);
			path = Controller;
			sourceTree = "<group>";
		};
		9C4BE9CF208F2F4500CD7245 /* Assets */ = {
			isa = PBXGroup;
			children = (
				9C904ED4208DC1F4003D1C71 /* Main.storyboard */,
				9C904ED7208DC1F6003D1C71 /* Assets.xcassets */,
				9C904ED9208DC1F6003D1C71 /* LaunchScreen.storyboard */,
			);
			path = Assets;
			sourceTree = "<group>";
		};
		9C4BE9D0208F2FAA00CD7245 /* Supporting Files */ = {
			isa = PBXGroup;
			children = (
				9C904EDC208DC1F6003D1C71 /* Info.plist */,
			);
			path = "Supporting Files";
			sourceTree = "<group>";
		};
		9C904EC4208DC1F3003D1C71 = {
			isa = PBXGroup;
			children = (
				9C904ECF208DC1F4003D1C71 /* On the Map */,
				9C904ECE208DC1F4003D1C71 /* Products */,
			);
			sourceTree = "<group>";
		};
		9C904ECE208DC1F4003D1C71 /* Products */ = {
			isa = PBXGroup;
			children = (
				9C904ECD208DC1F4003D1C71 /* On the Map.app */,
			);
			name = Products;
			sourceTree = "<group>";
		};
		9C904ECF208DC1F4003D1C71 /* On the Map */ = {
			isa = PBXGroup;
			children = (
				9C904ED0208DC1F4003D1C71 /* AppDelegate.swift */,
				9C4BE9C3208F038700CD7245 /* Model */,
				9C4BE9CE208F2F2D00CD7245 /* Controller */,
				9C4BE9CF208F2F4500CD7245 /* Assets */,
				9C4BE9D0208F2FAA00CD7245 /* Supporting Files */,
			);
			path = "On the Map";
			sourceTree = "<group>";
		};
/* End PBXGroup section */

/* Begin PBXNativeTarget section */
		9C904ECC208DC1F4003D1C71 /* On the Map */ = {
			isa = PBXNativeTarget;
			buildConfigurationList = 9C904EDF208DC1F6003D1C71 /* Build configuration list for PBXNativeTarget "On the Map" */;
			buildPhases = (
				9C904EC9208DC1F4003D1C71 /* Sources */,
				9C904ECA208DC1F4003D1C71 /* Frameworks */,
				9C904ECB208DC1F4003D1C71 /* Resources */,
			);
			buildRules = (
			);
			dependencies = (
			);
			name = "On the Map";
			productName = "On the Map";
			productReference = 9C904ECD208DC1F4003D1C71 /* On the Map.app */;
			productType = "com.apple.product-type.application";
		};
/* End PBXNativeTarget section */

/* Begin PBXProject section */
		9C904EC5208DC1F3003D1C71 /* Project object */ = {
			isa = PBXProject;
			attributes = {
				LastSwiftUpdateCheck = 0930;
				LastUpgradeCheck = 0930;
				ORGANIZATIONNAME = "Kuei-Jung Hu";
				TargetAttributes = {
					9C904ECC208DC1F4003D1C71 = {
						CreatedOnToolsVersion = 9.3;
					};
				};
			};
			buildConfigurationList = 9C904EC8208DC1F3003D1C71 /* Build configuration list for PBXProject "On the Map" */;
			compatibilityVersion = "Xcode 9.3";
			developmentRegion = en;
			hasScannedForEncodings = 0;
			knownRegions = (
				en,
				Base,
			);
			mainGroup = 9C904EC4208DC1F3003D1C71;
			productRefGroup = 9C904ECE208DC1F4003D1C71 /* Products */;
			projectDirPath = "";
			projectRoot = "";
			targets = (
				9C904ECC208DC1F4003D1C71 /* On the Map */,
			);
		};
/* End PBXProject section */

/* Begin PBXResourcesBuildPhase section */
		9C904ECB208DC1F4003D1C71 /* Resources */ = {
			isa = PBXResourcesBuildPhase;
			buildActionMask = 2147483647;
			files = (
				9C904EDB208DC1F6003D1C71 /* LaunchScreen.storyboard in Resources */,
				9C904ED8208DC1F6003D1C71 /* Assets.xcassets in Resources */,
				9C904ED6208DC1F4003D1C71 /* Main.storyboard in Resources */,
			);
			runOnlyForDeploymentPostprocessing = 0;
		};
/* End PBXResourcesBuildPhase section */

/* Begin PBXSourcesBuildPhase section */
		9C904EC9208DC1F4003D1C71 /* Sources */ = {
			isa = PBXSourcesBuildPhase;
			buildActionMask = 2147483647;
			files = (
				9CA3504720AAE4FC00C29099 /* FinishAddLocationViewController.swift in Sources */,
				9C4BE9C9208F058100CD7245 /* UdacityClient.swift in Sources */,
				9CEFB37520A962A80033ED32 /* AddLocationViewController.swift in Sources */,
				9CD89A51211A91330007D4FC /* Students.swift in Sources */,
				9CB8C54420905B9500742BC1 /* StudentLocationTableViewController.swift in Sources */,
				9CB8C54220905B8700742BC1 /* StudentLocationMapViewController.swift in Sources */,
				9C4BE9C7208F043100CD7245 /* UdacityConstants.swift in Sources */,
				9C904ED3208DC1F4003D1C71 /* LoginViewController.swift in Sources */,
				9C4BE9CD208F1BB600CD7245 /* UdacityConvenience.swift in Sources */,
				9C904ED1208DC1F4003D1C71 /* AppDelegate.swift in Sources */,
				9CD89A5E211BFC6C0007D4FC /* TabBarViewController.swift in Sources */,
				9CB8C5482091B1C300742BC1 /* StudentLocationTableViewCell.swift in Sources */,
				9CB8C546209079AC00742BC1 /* StudentInformation.swift in Sources */,
			);
			runOnlyForDeploymentPostprocessing = 0;
		};
/* End PBXSourcesBuildPhase section */

/* Begin PBXVariantGroup section */
		9C904ED4208DC1F4003D1C71 /* Main.storyboard */ = {
			isa = PBXVariantGroup;
			children = (
				9C904ED5208DC1F4003D1C71 /* Base */,
			);
			name = Main.storyboard;
			sourceTree = "<group>";
		};
		9C904ED9208DC1F6003D1C71 /* LaunchScreen.storyboard */ = {
			isa = PBXVariantGroup;
			children = (
				9C904EDA208DC1F6003D1C71 /* Base */,
			);
			name = LaunchScreen.storyboard;
			sourceTree = "<group>";
		};
/* End PBXVariantGroup section */

/* Begin XCBuildConfiguration section */
		9C904EDD208DC1F6003D1C71 /* Debug */ = {
			isa = XCBuildConfiguration;
			buildSettings = {
				ALWAYS_SEARCH_USER_PATHS = NO;
				CLANG_ANALYZER_NONNULL = YES;
				CLANG_ANALYZER_NUMBER_OBJECT_CONVERSION = YES_AGGRESSIVE;
				CLANG_CXX_LANGUAGE_STANDARD = "gnu++14";
				CLANG_CXX_LIBRARY = "libc++";
				CLANG_ENABLE_MODULES = YES;
				CLANG_ENABLE_OBJC_ARC = YES;
				CLANG_ENABLE_OBJC_WEAK = YES;
				CLANG_WARN_BLOCK_CAPTURE_AUTORELEASING = YES;
				CLANG_WARN_BOOL_CONVERSION = YES;
				CLANG_WARN_COMMA = YES;
				CLANG_WARN_CONSTANT_CONVERSION = YES;
				CLANG_WARN_DEPRECATED_OBJC_IMPLEMENTATIONS = YES;
				CLANG_WARN_DIRECT_OBJC_ISA_USAGE = YES_ERROR;
				CLANG_WARN_DOCUMENTATION_COMMENTS = YES;
				CLANG_WARN_EMPTY_BODY = YES;
				CLANG_WARN_ENUM_CONVERSION = YES;
				CLANG_WARN_INFINITE_RECURSION = YES;
				CLANG_WARN_INT_CONVERSION = YES;
				CLANG_WARN_NON_LITERAL_NULL_CONVERSION = YES;
				CLANG_WARN_OBJC_IMPLICIT_RETAIN_SELF = YES;
				CLANG_WARN_OBJC_LITERAL_CONVERSION = YES;
				CLANG_WARN_OBJC_ROOT_CLASS = YES_ERROR;
				CLANG_WARN_RANGE_LOOP_ANALYSIS = YES;
				CLANG_WARN_STRICT_PROTOTYPES = YES;
				CLANG_WARN_SUSPICIOUS_MOVE = YES;
				CLANG_WARN_UNGUARDED_AVAILABILITY = YES_AGGRESSIVE;
				CLANG_WARN_UNREACHABLE_CODE = YES;
				CLANG_WARN__DUPLICATE_METHOD_MATCH = YES;
				CODE_SIGN_IDENTITY = "iPhone Developer";
				COPY_PHASE_STRIP = NO;
				DEBUG_INFORMATION_FORMAT = dwarf;
				ENABLE_STRICT_OBJC_MSGSEND = YES;
				ENABLE_TESTABILITY = YES;
				GCC_C_LANGUAGE_STANDARD = gnu11;
				GCC_DYNAMIC_NO_PIC = NO;
				GCC_NO_COMMON_BLOCKS = YES;
				GCC_OPTIMIZATION_LEVEL = 0;
				GCC_PREPROCESSOR_DEFINITIONS = (
					"DEBUG=1",
					"$(inherited)",
				);
				GCC_WARN_64_TO_32_BIT_CONVERSION = YES;
				GCC_WARN_ABOUT_RETURN_TYPE = YES_ERROR;
				GCC_WARN_UNDECLARED_SELECTOR = YES;
				GCC_WARN_UNINITIALIZED_AUTOS = YES_AGGRESSIVE;
				GCC_WARN_UNUSED_FUNCTION = YES;
				GCC_WARN_UNUSED_VARIABLE = YES;
				IPHONEOS_DEPLOYMENT_TARGET = 11.3;
				MTL_ENABLE_DEBUG_INFO = YES;
				ONLY_ACTIVE_ARCH = YES;
				SDKROOT = iphoneos;
				SWIFT_ACTIVE_COMPILATION_CONDITIONS = DEBUG;
				SWIFT_OPTIMIZATION_LEVEL = "-Onone";
			};
			name = Debug;
		};
		9C904EDE208DC1F6003D1C71 /* Release */ = {
			isa = XCBuildConfiguration;
			buildSettings = {
				ALWAYS_SEARCH_USER_PATHS = NO;
				CLANG_ANALYZER_NONNULL = YES;
				CLANG_ANALYZER_NUMBER_OBJECT_CONVERSION = YES_AGGRESSIVE;
				CLANG_CXX_LANGUAGE_STANDARD = "gnu++14";
				CLANG_CXX_LIBRARY = "libc++";
				CLANG_ENABLE_MODULES = YES;
				CLANG_ENABLE_OBJC_ARC = YES;
				CLANG_ENABLE_OBJC_WEAK = YES;
				CLANG_WARN_BLOCK_CAPTURE_AUTORELEASING = YES;
				CLANG_WARN_BOOL_CONVERSION = YES;
				CLANG_WARN_COMMA = YES;
				CLANG_WARN_CONSTANT_CONVERSION = YES;
				CLANG_WARN_DEPRECATED_OBJC_IMPLEMENTATIONS = YES;
				CLANG_WARN_DIRECT_OBJC_ISA_USAGE = YES_ERROR;
				CLANG_WARN_DOCUMENTATION_COMMENTS = YES;
				CLANG_WARN_EMPTY_BODY = YES;
				CLANG_WARN_ENUM_CONVERSION = YES;
				CLANG_WARN_INFINITE_RECURSION = YES;
				CLANG_WARN_INT_CONVERSION = YES;
				CLANG_WARN_NON_LITERAL_NULL_CONVERSION = YES;
				CLANG_WARN_OBJC_IMPLICIT_RETAIN_SELF = YES;
				CLANG_WARN_OBJC_LITERAL_CONVERSION = YES;
				CLANG_WARN_OBJC_ROOT_CLASS = YES_ERROR;
				CLANG_WARN_RANGE_LOOP_ANALYSIS = YES;
				CLANG_WARN_STRICT_PROTOTYPES = YES;
				CLANG_WARN_SUSPICIOUS_MOVE = YES;
				CLANG_WARN_UNGUARDED_AVAILABILITY = YES_AGGRESSIVE;
				CLANG_WARN_UNREACHABLE_CODE = YES;
				CLANG_WARN__DUPLICATE_METHOD_MATCH = YES;
				CODE_SIGN_IDENTITY = "iPhone Developer";
				COPY_PHASE_STRIP = NO;
				DEBUG_INFORMATION_FORMAT = "dwarf-with-dsym";
				ENABLE_NS_ASSERTIONS = NO;
				ENABLE_STRICT_OBJC_MSGSEND = YES;
				GCC_C_LANGUAGE_STANDARD = gnu11;
				GCC_NO_COMMON_BLOCKS = YES;
				GCC_WARN_64_TO_32_BIT_CONVERSION = YES;
				GCC_WARN_ABOUT_RETURN_TYPE = YES_ERROR;
				GCC_WARN_UNDECLARED_SELECTOR = YES;
				GCC_WARN_UNINITIALIZED_AUTOS = YES_AGGRESSIVE;
				GCC_WARN_UNUSED_FUNCTION = YES;
				GCC_WARN_UNUSED_VARIABLE = YES;
				IPHONEOS_DEPLOYMENT_TARGET = 11.3;
				MTL_ENABLE_DEBUG_INFO = NO;
				SDKROOT = iphoneos;
				SWIFT_COMPILATION_MODE = wholemodule;
				SWIFT_OPTIMIZATION_LEVEL = "-O";
				VALIDATE_PRODUCT = YES;
			};
			name = Release;
		};
		9C904EE0208DC1F6003D1C71 /* Debug */ = {
			isa = XCBuildConfiguration;
			buildSettings = {
				ASSETCATALOG_COMPILER_APPICON_NAME = AppIcon;
				CODE_SIGN_STYLE = Automatic;
				DEVELOPMENT_TEAM = 32CS757VQK;
				INFOPLIST_FILE = "$(SRCROOT)/On the Map/Supporting Files/Info.plist";
				LD_RUNPATH_SEARCH_PATHS = (
					"$(inherited)",
					"@executable_path/Frameworks",
				);
				PRODUCT_BUNDLE_IDENTIFIER = "io.github.akueisara.On-the-Map";
				PRODUCT_NAME = "$(TARGET_NAME)";
				SWIFT_VERSION = 4.0;
				TARGETED_DEVICE_FAMILY = "1,2";
			};
			name = Debug;
		};
		9C904EE1208DC1F6003D1C71 /* Release */ = {
			isa = XCBuildConfiguration;
			buildSettings = {
				ASSETCATALOG_COMPILER_APPICON_NAME = AppIcon;
				CODE_SIGN_STYLE = Automatic;
				DEVELOPMENT_TEAM = 32CS757VQK;
				INFOPLIST_FILE = "$(SRCROOT)/On the Map/Supporting Files/Info.plist";
				LD_RUNPATH_SEARCH_PATHS = (
					"$(inherited)",
					"@executable_path/Frameworks",
				);
				PRODUCT_BUNDLE_IDENTIFIER = "io.github.akueisara.On-the-Map";
				PRODUCT_NAME = "$(TARGET_NAME)";
				SWIFT_VERSION = 4.0;
				TARGETED_DEVICE_FAMILY = "1,2";
			};
			name = Release;
		};
/* End XCBuildConfiguration section */

/* Begin XCConfigurationList section */
		9C904EC8208DC1F3003D1C71 /* Build configuration list for PBXProject "On the Map" */ = {
			isa = XCConfigurationList;
			buildConfigurations = (
				9C904EDD208DC1F6003D1C71 /* Debug */,
				9C904EDE208DC1F6003D1C71 /* Release */,
			);
			defaultConfigurationIsVisible = 0;
			defaultConfigurationName = Release;
		};
		9C904EDF208DC1F6003D1C71 /* Build configuration list for PBXNativeTarget "On the Map" */ = {
			isa = XCConfigurationList;
			buildConfigurations = (
				9C904EE0208DC1F6003D1C71 /* Debug */,
				9C904EE1208DC1F6003D1C71 /* Release */,
			);
			defaultConfigurationIsVisible = 0;
			defaultConfigurationName = Release;
		};
/* End XCConfigurationList section */
	};
	rootObject = 9C904EC5208DC1F3003D1C71 /* Project object */;
}
